
Microsoft Visual Studio Solution File, Format Version 12.00
# Visual Studio 15
VisualStudioVersion = 15.0.28307.421
MinimumVisualStudioVersion = 10.0.40219.1
Project("{FAE04EC0-301F-11D3-BF4B-00C04F79EFBC}") = "Задача-2.3", "Задача-2.3\Задача-2.3.csproj", "{BCD37D3C-AEF1-48B3-831C-190F3E972781}"
EndProject
Global
	GlobalSection(SolutionConfigurationPlatforms) = preSolution
		Debug|Any CPU = Debug|Any CPU
		Release|Any CPU = Release|Any CPU
	EndGlobalSection
	GlobalSection(ProjectConfigurationPlatforms) = postSolution
		{BCD37D3C-AEF1-48B3-831C-190F3E972781}.Debug|Any CPU.ActiveCfg = Debug|Any CPU
		{BCD37D3C-AEF1-48B3-831C-190F3E972781}.Debug|Any CPU.Build.0 = Debug|Any CPU
		{BCD37D3C-AEF1-48B3-831C-190F3E972781}.Release|Any CPU.ActiveCfg = Release|Any CPU
		{BCD37D3C-AEF1-48B3-831C-190F3E972781}.Release|Any CPU.Build.0 = Release|Any CPU
	EndGlobalSection
	GlobalSection(SolutionProperties) = preSolution
		HideSolutionNode = FALSE
	EndGlobalSection
	GlobalSection(ExtensibilityGlobals) = postSolution
		SolutionGuid = {180F0BB0-0FA1-4226-9F0F-666699BFE262}
	EndGlobalSection
EndGlobal
