
Microsoft Visual Studio Solution File, Format Version 12.00
# Visual Studio 15
VisualStudioVersion = 15.0.28307.421
MinimumVisualStudioVersion = 10.0.40219.1
Project("{FAE04EC0-301F-11D3-BF4B-00C04F79EFBC}") = "Задача-7", "Задача-7\Задача-7.csproj", "{140B0C26-EF25-4C33-BA7A-D98AC5116C3D}"
EndProject
Global
	GlobalSection(SolutionConfigurationPlatforms) = preSolution
		Debug|Any CPU = Debug|Any CPU
		Release|Any CPU = Release|Any CPU
	EndGlobalSection
	GlobalSection(ProjectConfigurationPlatforms) = postSolution
		{140B0C26-EF25-4C33-BA7A-D98AC5116C3D}.Debug|Any CPU.ActiveCfg = Debug|Any CPU
		{140B0C26-EF25-4C33-BA7A-D98AC5116C3D}.Debug|Any CPU.Build.0 = Debug|Any CPU
		{140B0C26-EF25-4C33-BA7A-D98AC5116C3D}.Release|Any CPU.ActiveCfg = Release|Any CPU
		{140B0C26-EF25-4C33-BA7A-D98AC5116C3D}.Release|Any CPU.Build.0 = Release|Any CPU
	EndGlobalSection
	GlobalSection(SolutionProperties) = preSolution
		HideSolutionNode = FALSE
	EndGlobalSection
	GlobalSection(ExtensibilityGlobals) = postSolution
		SolutionGuid = {4C31AAFA-04A4-48D7-88F1-95300F09FEF0}
	EndGlobalSection
EndGlobal
