
Microsoft Visual Studio Solution File, Format Version 12.00
# Visual Studio Version 16
VisualStudioVersion = 16.0.31105.61
MinimumVisualStudioVersion = 10.0.40219.1
Project("{FAE04EC0-301F-11D3-BF4B-00C04F79EFBC}") = "ДЗ №3", "ДЗ №3\ДЗ №3.csproj", "{184AD70E-6C2E-4997-985F-B50F2363586F}"
EndProject
Global
	GlobalSection(SolutionConfigurationPlatforms) = preSolution
		Debug|Any CPU = Debug|Any CPU
		Release|Any CPU = Release|Any CPU
	EndGlobalSection
	GlobalSection(ProjectConfigurationPlatforms) = postSolution
		{184AD70E-6C2E-4997-985F-B50F2363586F}.Debug|Any CPU.ActiveCfg = Debug|Any CPU
		{184AD70E-6C2E-4997-985F-B50F2363586F}.Debug|Any CPU.Build.0 = Debug|Any CPU
		{184AD70E-6C2E-4997-985F-B50F2363586F}.Release|Any CPU.ActiveCfg = Release|Any CPU
		{184AD70E-6C2E-4997-985F-B50F2363586F}.Release|Any CPU.Build.0 = Release|Any CPU
	EndGlobalSection
	GlobalSection(SolutionProperties) = preSolution
		HideSolutionNode = FALSE
	EndGlobalSection
	GlobalSection(ExtensibilityGlobals) = postSolution
		SolutionGuid = {FEE31E81-7BC8-46F6-B79E-698F2E54FD08}
	EndGlobalSection
EndGlobal
