
Microsoft Visual Studio Solution File, Format Version 12.00
# Visual Studio Version 16
VisualStudioVersion = 16.0.31105.61
MinimumVisualStudioVersion = 10.0.40219.1
Project("{FAE04EC0-301F-11D3-BF4B-00C04F79EFBC}") = "ДЗ №1", "ДЗ №1\ДЗ №1.csproj", "{416A2060-83DB-476F-B1E4-048BFE18E239}"
EndProject
Global
	GlobalSection(SolutionConfigurationPlatforms) = preSolution
		Debug|Any CPU = Debug|Any CPU
		Release|Any CPU = Release|Any CPU
	EndGlobalSection
	GlobalSection(ProjectConfigurationPlatforms) = postSolution
		{416A2060-83DB-476F-B1E4-048BFE18E239}.Debug|Any CPU.ActiveCfg = Debug|Any CPU
		{416A2060-83DB-476F-B1E4-048BFE18E239}.Debug|Any CPU.Build.0 = Debug|Any CPU
		{416A2060-83DB-476F-B1E4-048BFE18E239}.Release|Any CPU.ActiveCfg = Release|Any CPU
		{416A2060-83DB-476F-B1E4-048BFE18E239}.Release|Any CPU.Build.0 = Release|Any CPU
	EndGlobalSection
	GlobalSection(SolutionProperties) = preSolution
		HideSolutionNode = FALSE
	EndGlobalSection
	GlobalSection(ExtensibilityGlobals) = postSolution
		SolutionGuid = {8071662E-AD36-424B-84C6-C8C4C2F105C3}
	EndGlobalSection
EndGlobal
