
Microsoft Visual Studio Solution File, Format Version 12.00
# Visual Studio 15
VisualStudioVersion = 15.0.28307.421
MinimumVisualStudioVersion = 10.0.40219.1
Project("{FAE04EC0-301F-11D3-BF4B-00C04F79EFBC}") = "Задача-4", "Задача-4\Задача-4.csproj", "{5499EF9F-33F1-4033-AA36-70C932DD5556}"
EndProject
Global
	GlobalSection(SolutionConfigurationPlatforms) = preSolution
		Debug|Any CPU = Debug|Any CPU
		Release|Any CPU = Release|Any CPU
	EndGlobalSection
	GlobalSection(ProjectConfigurationPlatforms) = postSolution
		{5499EF9F-33F1-4033-AA36-70C932DD5556}.Debug|Any CPU.ActiveCfg = Debug|Any CPU
		{5499EF9F-33F1-4033-AA36-70C932DD5556}.Debug|Any CPU.Build.0 = Debug|Any CPU
		{5499EF9F-33F1-4033-AA36-70C932DD5556}.Release|Any CPU.ActiveCfg = Release|Any CPU
		{5499EF9F-33F1-4033-AA36-70C932DD5556}.Release|Any CPU.Build.0 = Release|Any CPU
	EndGlobalSection
	GlobalSection(SolutionProperties) = preSolution
		HideSolutionNode = FALSE
	EndGlobalSection
	GlobalSection(ExtensibilityGlobals) = postSolution
		SolutionGuid = {1F703BAD-7F99-4E0F-8D9E-F6EA29E5E190}
	EndGlobalSection
EndGlobal
