
Microsoft Visual Studio Solution File, Format Version 12.00
# Visual Studio 15
VisualStudioVersion = 15.0.28307.421
MinimumVisualStudioVersion = 10.0.40219.1
Project("{FAE04EC0-301F-11D3-BF4B-00C04F79EFBC}") = "Exam6", "Exam6\Exam6.csproj", "{CF35980C-C655-4C36-8AB6-85D4998AE9FB}"
EndProject
Global
	GlobalSection(SolutionConfigurationPlatforms) = preSolution
		Debug|Any CPU = Debug|Any CPU
		Release|Any CPU = Release|Any CPU
	EndGlobalSection
	GlobalSection(ProjectConfigurationPlatforms) = postSolution
		{CF35980C-C655-4C36-8AB6-85D4998AE9FB}.Debug|Any CPU.ActiveCfg = Debug|Any CPU
		{CF35980C-C655-4C36-8AB6-85D4998AE9FB}.Debug|Any CPU.Build.0 = Debug|Any CPU
		{CF35980C-C655-4C36-8AB6-85D4998AE9FB}.Release|Any CPU.ActiveCfg = Release|Any CPU
		{CF35980C-C655-4C36-8AB6-85D4998AE9FB}.Release|Any CPU.Build.0 = Release|Any CPU
	EndGlobalSection
	GlobalSection(SolutionProperties) = preSolution
		HideSolutionNode = FALSE
	EndGlobalSection
	GlobalSection(ExtensibilityGlobals) = postSolution
		SolutionGuid = {11D38062-208D-4D3E-A419-431D2131E368}
	EndGlobalSection
EndGlobal
