
Microsoft Visual Studio Solution File, Format Version 12.00
# Visual Studio 15
VisualStudioVersion = 15.0.28307.421
MinimumVisualStudioVersion = 10.0.40219.1
Project("{FAE04EC0-301F-11D3-BF4B-00C04F79EFBC}") = "Задача-8", "Задача-8\Задача-8.csproj", "{F0B0F6E8-84C0-4D60-BBB6-C96FB233E33D}"
EndProject
Global
	GlobalSection(SolutionConfigurationPlatforms) = preSolution
		Debug|Any CPU = Debug|Any CPU
		Release|Any CPU = Release|Any CPU
	EndGlobalSection
	GlobalSection(ProjectConfigurationPlatforms) = postSolution
		{F0B0F6E8-84C0-4D60-BBB6-C96FB233E33D}.Debug|Any CPU.ActiveCfg = Debug|Any CPU
		{F0B0F6E8-84C0-4D60-BBB6-C96FB233E33D}.Debug|Any CPU.Build.0 = Debug|Any CPU
		{F0B0F6E8-84C0-4D60-BBB6-C96FB233E33D}.Release|Any CPU.ActiveCfg = Release|Any CPU
		{F0B0F6E8-84C0-4D60-BBB6-C96FB233E33D}.Release|Any CPU.Build.0 = Release|Any CPU
	EndGlobalSection
	GlobalSection(SolutionProperties) = preSolution
		HideSolutionNode = FALSE
	EndGlobalSection
	GlobalSection(ExtensibilityGlobals) = postSolution
		SolutionGuid = {0B422F2E-7339-4A37-AC86-E81AD67259A2}
	EndGlobalSection
EndGlobal
